
Microsoft Visual Studio Solution File, Format Version 12.00
# Visual Studio Version 17
VisualStudioVersion = 17.4.33403.182
MinimumVisualStudioVersion = 10.0.40219.1
Project("{9A19103F-16F7-4668-BE54-9A1E7A4F7556}") = "homework2", "homework2\homework2.csproj", "{61FA7DC3-EA62-49C3-A01C-8FB19E9D7ADF}"
EndProject
Project("{FAE04EC0-301F-11D3-BF4B-00C04F79EFBC}") = "Homework3", "Homework3\Homework3.csproj", "{77E9FF6E-2A75-4BB2-8E87-36D29AA883A2}"
EndProject
Project("{FAE04EC0-301F-11D3-BF4B-00C04F79EFBC}") = "HomeWork3.2", "HomeWork3.2\HomeWork3.2.csproj", "{36FF1D29-AA96-4D4B-92D7-E864775100D0}"
EndProject
Project("{FAE04EC0-301F-11D3-BF4B-00C04F79EFBC}") = "HomeWork3.3", "HomeWork3.3\HomeWork3.3.csproj", "{A5FADA6D-6BC2-4D01-809C-757AB95EB8A6}"
EndProject
Project("{FAE04EC0-301F-11D3-BF4B-00C04F79EFBC}") = "HomeWork3.4", "HomeWork3.4\HomeWork3.4.csproj", "{EE0D7315-D203-4242-BB2E-70085702EEC2}"
EndProject
Project("{FAE04EC0-301F-11D3-BF4B-00C04F79EFBC}") = "homework_4_1_2", "homework_4_1_2\homework_4_1_2.csproj", "{96820C51-C79F-49B6-AD82-7976D55F8EEC}"
EndProject
Global
	GlobalSection(SolutionConfigurationPlatforms) = preSolution
		Debug|Any CPU = Debug|Any CPU
		Release|Any CPU = Release|Any CPU
	EndGlobalSection
	GlobalSection(ProjectConfigurationPlatforms) = postSolution
		{61FA7DC3-EA62-49C3-A01C-8FB19E9D7ADF}.Debug|Any CPU.ActiveCfg = Debug|Any CPU
		{61FA7DC3-EA62-49C3-A01C-8FB19E9D7ADF}.Debug|Any CPU.Build.0 = Debug|Any CPU
		{61FA7DC3-EA62-49C3-A01C-8FB19E9D7ADF}.Release|Any CPU.ActiveCfg = Release|Any CPU
		{61FA7DC3-EA62-49C3-A01C-8FB19E9D7ADF}.Release|Any CPU.Build.0 = Release|Any CPU
		{77E9FF6E-2A75-4BB2-8E87-36D29AA883A2}.Debug|Any CPU.ActiveCfg = Debug|Any CPU
		{77E9FF6E-2A75-4BB2-8E87-36D29AA883A2}.Debug|Any CPU.Build.0 = Debug|Any CPU
		{77E9FF6E-2A75-4BB2-8E87-36D29AA883A2}.Release|Any CPU.ActiveCfg = Release|Any CPU
		{77E9FF6E-2A75-4BB2-8E87-36D29AA883A2}.Release|Any CPU.Build.0 = Release|Any CPU
		{36FF1D29-AA96-4D4B-92D7-E864775100D0}.Debug|Any CPU.ActiveCfg = Debug|Any CPU
		{36FF1D29-AA96-4D4B-92D7-E864775100D0}.Debug|Any CPU.Build.0 = Debug|Any CPU
		{36FF1D29-AA96-4D4B-92D7-E864775100D0}.Release|Any CPU.ActiveCfg = Release|Any CPU
		{36FF1D29-AA96-4D4B-92D7-E864775100D0}.Release|Any CPU.Build.0 = Release|Any CPU
		{A5FADA6D-6BC2-4D01-809C-757AB95EB8A6}.Debug|Any CPU.ActiveCfg = Debug|Any CPU
		{A5FADA6D-6BC2-4D01-809C-757AB95EB8A6}.Debug|Any CPU.Build.0 = Debug|Any CPU
		{A5FADA6D-6BC2-4D01-809C-757AB95EB8A6}.Release|Any CPU.ActiveCfg = Release|Any CPU
		{A5FADA6D-6BC2-4D01-809C-757AB95EB8A6}.Release|Any CPU.Build.0 = Release|Any CPU
		{EE0D7315-D203-4242-BB2E-70085702EEC2}.Debug|Any CPU.ActiveCfg = Debug|Any CPU
		{EE0D7315-D203-4242-BB2E-70085702EEC2}.Debug|Any CPU.Build.0 = Debug|Any CPU
		{EE0D7315-D203-4242-BB2E-70085702EEC2}.Release|Any CPU.ActiveCfg = Release|Any CPU
		{EE0D7315-D203-4242-BB2E-70085702EEC2}.Release|Any CPU.Build.0 = Release|Any CPU
		{96820C51-C79F-49B6-AD82-7976D55F8EEC}.Debug|Any CPU.ActiveCfg = Debug|Any CPU
		{96820C51-C79F-49B6-AD82-7976D55F8EEC}.Debug|Any CPU.Build.0 = Debug|Any CPU
		{96820C51-C79F-49B6-AD82-7976D55F8EEC}.Release|Any CPU.ActiveCfg = Release|Any CPU
		{96820C51-C79F-49B6-AD82-7976D55F8EEC}.Release|Any CPU.Build.0 = Release|Any CPU
	EndGlobalSection
	GlobalSection(SolutionProperties) = preSolution
		HideSolutionNode = FALSE
	EndGlobalSection
	GlobalSection(ExtensibilityGlobals) = postSolution
		SolutionGuid = {B12ED7DE-6E8E-47FA-8923-10ADA73D5E0C}
	EndGlobalSection
EndGlobal
